# THIS IS AN AUTOGENERATED FILE. DO NOT EDIT THIS FILE DIRECTLY.
# yarn lockfile v1


"@vuepress/plugin-back-to-top@^1.0.0-alpha.47":
  version "1.0.0-alpha.47"
  resolved "http://bnpm.byted.org/@vuepress/plugin-back-to-top/download/@vuepress/plugin-back-to-top-1.0.0-alpha.47.tgz#138262700c22c80878a36e6837bfe03a4e514580"
  integrity sha1-E4JicAwiyAh4o25oN7/gOk5RRYA=
  dependencies:
    lodash.debounce "^4.0.8"

"@vuepress/plugin-blog@^1.0.0-alpha.47":
  version "1.0.0-alpha.47"
  resolved "http://bnpm.byted.org/@vuepress/plugin-blog/download/@vuepress/plugin-blog-1.0.0-alpha.47.tgz#d453e79c1cd945ac9e4549984d9f0813219a8c1e"
  integrity sha1-1FPnnBzZRayeRUmYTZ8IEyGajB4=

"@vuepress/plugin-google-analytics@^1.0.0-alpha.47":
  version "1.0.0-alpha.47"
  resolved "http://bnpm.byted.org/@vuepress/plugin-google-analytics/download/@vuepress/plugin-google-analytics-1.0.0-alpha.47.tgz#48af1cda1bd9f1a9f5c3506c398a1c364db6647f"
  integrity sha1-SK8c2hvZ8an1w1BsOYocNk22ZH8=

"@vuepress/plugin-medium-zoom@^1.0.0-alpha.47":
  version "1.0.0-alpha.47"
  resolved "http://bnpm.byted.org/@vuepress/plugin-medium-zoom/download/@vuepress/plugin-medium-zoom-1.0.0-alpha.47.tgz#3616241a405df99960f8b329598c9bf399d8a0c2"
  integrity sha1-NhYkGkBd+Zlg+LMpWYyb85nYoMI=
  dependencies:
    medium-zoom "^0.4.0"

lodash.debounce@^4.0.8:
  version "4.0.8"
  resolved "http://bnpm.byted.org/lodash.debounce/download/lodash.debounce-4.0.8.tgz#82d79bff30a67c4005ffd5e2515300ad9ca4d7af"
  integrity sha1-gteb/zCmfEAF/9XiUVMArZyk168=

medium-zoom@^0.4.0:
  version "0.4.0"
  resolved "http://bnpm.byted.org/medium-zoom/download/medium-zoom-0.4.0.tgz#8e13c9b754903c0c903220611af0d3cd373a4222"
  integrity sha1-jhPJt1SQPAyQMiBhGvDTzTc6QiI=

moment@^2.24.0:
  version "2.24.0"
  resolved "http://bnpm.byted.org/moment/download/moment-2.24.0.tgz#0d055d53f5052aa653c9f6eb68bb5d12bf5c2b5b"
  integrity sha1-DQVdU/UFKqZTyfbraLtdEr9cK1s=
